
Microsoft Visual Studio Solution File, Format Version 12.00
# Visual Studio Version 17
VisualStudioVersion = 17.1.32210.238
MinimumVisualStudioVersion = 10.0.40219.1
Project("{FAE04EC0-301F-11D3-BF4B-00C04F79EFBC}") = "YouAreAFailure", "YouAreAFailure\YouAreAFailure.csproj", "{2061E33B-8252-492B-82CE-3255731C3548}"
EndProject
Project("{FAE04EC0-301F-11D3-BF4B-00C04F79EFBC}") = "TestForFailure", "TestForFailure\TestForFailure.csproj", "{C01EE767-F214-44B0-A938-CA0D454AC510}"
EndProject
Project("{2150E333-8FDC-42A3-9474-1A3956D46DE8}") = "Solution Items", "Solution Items", "{E0F62E08-4FF9-404B-A936-8357D5542940}"
	ProjectSection(SolutionItems) = preProject
		.editorconfig = .editorconfig
	EndProjectSection
EndProject
Global
	GlobalSection(SolutionConfigurationPlatforms) = preSolution
		Debug|ARM = Debug|ARM
		Debug|ARM64 = Debug|ARM64
		Debug|x64 = Debug|x64
		Debug|x86 = Debug|x86
		Release|ARM = Release|ARM
		Release|ARM64 = Release|ARM64
		Release|x64 = Release|x64
		Release|x86 = Release|x86
	EndGlobalSection
	GlobalSection(ProjectConfigurationPlatforms) = postSolution
		{2061E33B-8252-492B-82CE-3255731C3548}.Debug|ARM.ActiveCfg = Debug|ARM
		{2061E33B-8252-492B-82CE-3255731C3548}.Debug|ARM.Build.0 = Debug|ARM
		{2061E33B-8252-492B-82CE-3255731C3548}.Debug|ARM.Deploy.0 = Debug|ARM
		{2061E33B-8252-492B-82CE-3255731C3548}.Debug|ARM64.ActiveCfg = Debug|ARM64
		{2061E33B-8252-492B-82CE-3255731C3548}.Debug|ARM64.Build.0 = Debug|ARM64
		{2061E33B-8252-492B-82CE-3255731C3548}.Debug|ARM64.Deploy.0 = Debug|ARM64
		{2061E33B-8252-492B-82CE-3255731C3548}.Debug|x64.ActiveCfg = Debug|x64
		{2061E33B-8252-492B-82CE-3255731C3548}.Debug|x64.Build.0 = Debug|x64
		{2061E33B-8252-492B-82CE-3255731C3548}.Debug|x64.Deploy.0 = Debug|x64
		{2061E33B-8252-492B-82CE-3255731C3548}.Debug|x86.ActiveCfg = Debug|x86
		{2061E33B-8252-492B-82CE-3255731C3548}.Debug|x86.Build.0 = Debug|x86
		{2061E33B-8252-492B-82CE-3255731C3548}.Debug|x86.Deploy.0 = Debug|x86
		{2061E33B-8252-492B-82CE-3255731C3548}.Release|ARM.ActiveCfg = Release|ARM
		{2061E33B-8252-492B-82CE-3255731C3548}.Release|ARM.Build.0 = Release|ARM
		{2061E33B-8252-492B-82CE-3255731C3548}.Release|ARM.Deploy.0 = Release|ARM
		{2061E33B-8252-492B-82CE-3255731C3548}.Release|ARM64.ActiveCfg = Release|ARM64
		{2061E33B-8252-492B-82CE-3255731C3548}.Release|ARM64.Build.0 = Release|ARM64
		{2061E33B-8252-492B-82CE-3255731C3548}.Release|ARM64.Deploy.0 = Release|ARM64
		{2061E33B-8252-492B-82CE-3255731C3548}.Release|x64.ActiveCfg = Release|x64
		{2061E33B-8252-492B-82CE-3255731C3548}.Release|x64.Build.0 = Release|x64
		{2061E33B-8252-492B-82CE-3255731C3548}.Release|x64.Deploy.0 = Release|x64
		{2061E33B-8252-492B-82CE-3255731C3548}.Release|x86.ActiveCfg = Release|x86
		{2061E33B-8252-492B-82CE-3255731C3548}.Release|x86.Build.0 = Release|x86
		{2061E33B-8252-492B-82CE-3255731C3548}.Release|x86.Deploy.0 = Release|x86
		{C01EE767-F214-44B0-A938-CA0D454AC510}.Debug|ARM.ActiveCfg = Debug|ARM
		{C01EE767-F214-44B0-A938-CA0D454AC510}.Debug|ARM.Build.0 = Debug|ARM
		{C01EE767-F214-44B0-A938-CA0D454AC510}.Debug|ARM.Deploy.0 = Debug|ARM
		{C01EE767-F214-44B0-A938-CA0D454AC510}.Debug|ARM64.ActiveCfg = Debug|ARM64
		{C01EE767-F214-44B0-A938-CA0D454AC510}.Debug|ARM64.Build.0 = Debug|ARM64
		{C01EE767-F214-44B0-A938-CA0D454AC510}.Debug|ARM64.Deploy.0 = Debug|ARM64
		{C01EE767-F214-44B0-A938-CA0D454AC510}.Debug|x64.ActiveCfg = Debug|x64
		{C01EE767-F214-44B0-A938-CA0D454AC510}.Debug|x64.Build.0 = Debug|x64
		{C01EE767-F214-44B0-A938-CA0D454AC510}.Debug|x64.Deploy.0 = Debug|x64
		{C01EE767-F214-44B0-A938-CA0D454AC510}.Debug|x86.ActiveCfg = Debug|x86
		{C01EE767-F214-44B0-A938-CA0D454AC510}.Debug|x86.Build.0 = Debug|x86
		{C01EE767-F214-44B0-A938-CA0D454AC510}.Debug|x86.Deploy.0 = Debug|x86
		{C01EE767-F214-44B0-A938-CA0D454AC510}.Release|ARM.ActiveCfg = Release|ARM
		{C01EE767-F214-44B0-A938-CA0D454AC510}.Release|ARM.Build.0 = Release|ARM
		{C01EE767-F214-44B0-A938-CA0D454AC510}.Release|ARM.Deploy.0 = Release|ARM
		{C01EE767-F214-44B0-A938-CA0D454AC510}.Release|ARM64.ActiveCfg = Release|ARM64
		{C01EE767-F214-44B0-A938-CA0D454AC510}.Release|ARM64.Build.0 = Release|ARM64
		{C01EE767-F214-44B0-A938-CA0D454AC510}.Release|ARM64.Deploy.0 = Release|ARM64
		{C01EE767-F214-44B0-A938-CA0D454AC510}.Release|x64.ActiveCfg = Release|x64
		{C01EE767-F214-44B0-A938-CA0D454AC510}.Release|x64.Build.0 = Release|x64
		{C01EE767-F214-44B0-A938-CA0D454AC510}.Release|x64.Deploy.0 = Release|x64
		{C01EE767-F214-44B0-A938-CA0D454AC510}.Release|x86.ActiveCfg = Release|x86
		{C01EE767-F214-44B0-A938-CA0D454AC510}.Release|x86.Build.0 = Release|x86
		{C01EE767-F214-44B0-A938-CA0D454AC510}.Release|x86.Deploy.0 = Release|x86
	EndGlobalSection
	GlobalSection(SolutionProperties) = preSolution
		HideSolutionNode = FALSE
	EndGlobalSection
	GlobalSection(ExtensibilityGlobals) = postSolution
		SolutionGuid = {5E97E1DB-49A1-4877-B5AC-E6BF757176E7}
	EndGlobalSection
EndGlobal
